
Microsoft Visual Studio Solution File, Format Version 12.00
# Visual Studio Version 17
VisualStudioVersion = 17.4.33213.308
MinimumVisualStudioVersion = 10.0.40219.1
Project("{9A19103F-16F7-4668-BE54-9A1E7A4F7556}") = "FictiveShop.Api", "FictiveShop.Api.csproj", "{0D180623-66B8-4613-B5F5-6BDE687BF5B5}"
EndProject
Project("{9A19103F-16F7-4668-BE54-9A1E7A4F7556}") = "FictiveShop.Core", "..\FictiveShop.Core\FictiveShop.Core.csproj", "{E61FE544-50C4-492A-B7FD-8668210F44B2}"
EndProject
Project("{9A19103F-16F7-4668-BE54-9A1E7A4F7556}") = "FictiveShop.Infrastructure", "..\FictiveShop.Infrastructure\FictiveShop.Infrastructure.csproj", "{453772FD-5BBE-4256-93CE-2A5A7062D67A}"
EndProject
Project("{FAE04EC0-301F-11D3-BF4B-00C04F79EFBC}") = "FictiveShop.Tests", "..\FictiveShop.Tests\FictiveShop.Tests.csproj", "{985622ED-B745-46AD-97F4-AE8585E62A68}"
EndProject
Global
	GlobalSection(SolutionConfigurationPlatforms) = preSolution
		Debug|Any CPU = Debug|Any CPU
		Release|Any CPU = Release|Any CPU
	EndGlobalSection
	GlobalSection(ProjectConfigurationPlatforms) = postSolution
		{0D180623-66B8-4613-B5F5-6BDE687BF5B5}.Debug|Any CPU.ActiveCfg = Debug|Any CPU
		{0D180623-66B8-4613-B5F5-6BDE687BF5B5}.Debug|Any CPU.Build.0 = Debug|Any CPU
		{0D180623-66B8-4613-B5F5-6BDE687BF5B5}.Release|Any CPU.ActiveCfg = Release|Any CPU
		{0D180623-66B8-4613-B5F5-6BDE687BF5B5}.Release|Any CPU.Build.0 = Release|Any CPU
		{E61FE544-50C4-492A-B7FD-8668210F44B2}.Debug|Any CPU.ActiveCfg = Debug|Any CPU
		{E61FE544-50C4-492A-B7FD-8668210F44B2}.Debug|Any CPU.Build.0 = Debug|Any CPU
		{E61FE544-50C4-492A-B7FD-8668210F44B2}.Release|Any CPU.ActiveCfg = Release|Any CPU
		{E61FE544-50C4-492A-B7FD-8668210F44B2}.Release|Any CPU.Build.0 = Release|Any CPU
		{453772FD-5BBE-4256-93CE-2A5A7062D67A}.Debug|Any CPU.ActiveCfg = Debug|Any CPU
		{453772FD-5BBE-4256-93CE-2A5A7062D67A}.Debug|Any CPU.Build.0 = Debug|Any CPU
		{453772FD-5BBE-4256-93CE-2A5A7062D67A}.Release|Any CPU.ActiveCfg = Release|Any CPU
		{453772FD-5BBE-4256-93CE-2A5A7062D67A}.Release|Any CPU.Build.0 = Release|Any CPU
		{985622ED-B745-46AD-97F4-AE8585E62A68}.Debug|Any CPU.ActiveCfg = Debug|Any CPU
		{985622ED-B745-46AD-97F4-AE8585E62A68}.Debug|Any CPU.Build.0 = Debug|Any CPU
		{985622ED-B745-46AD-97F4-AE8585E62A68}.Release|Any CPU.ActiveCfg = Release|Any CPU
		{985622ED-B745-46AD-97F4-AE8585E62A68}.Release|Any CPU.Build.0 = Release|Any CPU
	EndGlobalSection
	GlobalSection(SolutionProperties) = preSolution
		HideSolutionNode = FALSE
	EndGlobalSection
	GlobalSection(ExtensibilityGlobals) = postSolution
		SolutionGuid = {2D6CD063-205A-497C-8E90-34500EA69830}
	EndGlobalSection
EndGlobal
